
Microsoft Visual Studio Solution File, Format Version 12.00
# Visual Studio Version 17
VisualStudioVersion = 17.5.002.0
MinimumVisualStudioVersion = 10.0.40219.1
Project("{9A19103F-16F7-4668-BE54-9A1E7A4F7556}") = "LucidStandardImportDotNet", "src\LucidStandardImportDotNet.csproj", "{15F6679C-D0A1-4248-B6E5-30D27E1F9B8A}"
EndProject
Project("{FAE04EC0-301F-11D3-BF4B-00C04F79EFBC}") = "LucidStandardImportDotNet.Tests", "test\LucidStandardImportDotNet.Tests.csproj", "{87123877-5AF1-44F3-A181-78A6B3271AF3}"
EndProject
Project("{FAE04EC0-301F-11D3-BF4B-00C04F79EFBC}") = "testConsole", "testConsole\testConsole.csproj", "{B44F4A13-94C3-4800-B480-6FDB1919CE63}"
EndProject
Global
	GlobalSection(SolutionConfigurationPlatforms) = preSolution
		Debug|Any CPU = Debug|Any CPU
		Release|Any CPU = Release|Any CPU
	EndGlobalSection
	GlobalSection(ProjectConfigurationPlatforms) = postSolution
		{15F6679C-D0A1-4248-B6E5-30D27E1F9B8A}.Debug|Any CPU.ActiveCfg = Debug|Any CPU
		{15F6679C-D0A1-4248-B6E5-30D27E1F9B8A}.Debug|Any CPU.Build.0 = Debug|Any CPU
		{15F6679C-D0A1-4248-B6E5-30D27E1F9B8A}.Release|Any CPU.ActiveCfg = Release|Any CPU
		{15F6679C-D0A1-4248-B6E5-30D27E1F9B8A}.Release|Any CPU.Build.0 = Release|Any CPU
		{87123877-5AF1-44F3-A181-78A6B3271AF3}.Debug|Any CPU.ActiveCfg = Debug|Any CPU
		{87123877-5AF1-44F3-A181-78A6B3271AF3}.Debug|Any CPU.Build.0 = Debug|Any CPU
		{87123877-5AF1-44F3-A181-78A6B3271AF3}.Release|Any CPU.ActiveCfg = Release|Any CPU
		{87123877-5AF1-44F3-A181-78A6B3271AF3}.Release|Any CPU.Build.0 = Release|Any CPU
		{B44F4A13-94C3-4800-B480-6FDB1919CE63}.Debug|Any CPU.ActiveCfg = Debug|Any CPU
		{B44F4A13-94C3-4800-B480-6FDB1919CE63}.Debug|Any CPU.Build.0 = Debug|Any CPU
		{B44F4A13-94C3-4800-B480-6FDB1919CE63}.Release|Any CPU.ActiveCfg = Release|Any CPU
		{B44F4A13-94C3-4800-B480-6FDB1919CE63}.Release|Any CPU.Build.0 = Release|Any CPU
	EndGlobalSection
	GlobalSection(SolutionProperties) = preSolution
		HideSolutionNode = FALSE
	EndGlobalSection
	GlobalSection(ExtensibilityGlobals) = postSolution
		SolutionGuid = {7ECBFE4D-8A19-4DF2-9931-7F1EC7324816}
	EndGlobalSection
EndGlobal
